
Microsoft Visual Studio Solution File, Format Version 12.00
# Visual Studio Version 16
VisualStudioVersion = 16.0.29519.87
MinimumVisualStudioVersion = 10.0.40219.1
Project("{8BC9CEB8-8B4A-11D0-8D11-00A0C91BC942}") = "JA", "JA\JA.vcxproj", "{2479F576-46D8-48D2-9918-C64A43513E4A}"
	ProjectSection(ProjectDependencies) = postProject
		{62EC1531-40D3-40E1-9765-D4C314D44596} = {62EC1531-40D3-40E1-9765-D4C314D44596}
		{0DD077DA-FBD8-475B-829F-56BD139A4B18} = {0DD077DA-FBD8-475B-829F-56BD139A4B18}
	EndProjectSection
EndProject
Project("{8BC9CEB8-8B4A-11D0-8D11-00A0C91BC942}") = "DLL1", "DLL1\DLL1.vcxproj", "{0DD077DA-FBD8-475B-829F-56BD139A4B18}"
EndProject
Project("{8BC9CEB8-8B4A-11D0-8D11-00A0C91BC942}") = "DLL2", "DLL2\DLL2.vcxproj", "{62EC1531-40D3-40E1-9765-D4C314D44596}"
EndProject
Global
	GlobalSection(SolutionConfigurationPlatforms) = preSolution
		Debug|x64 = Debug|x64
		Debug|x86 = Debug|x86
		Release|x64 = Release|x64
		Release|x86 = Release|x86
	EndGlobalSection
	GlobalSection(ProjectConfigurationPlatforms) = postSolution
		{2479F576-46D8-48D2-9918-C64A43513E4A}.Debug|x64.ActiveCfg = Debug|x64
		{2479F576-46D8-48D2-9918-C64A43513E4A}.Debug|x64.Build.0 = Debug|x64
		{2479F576-46D8-48D2-9918-C64A43513E4A}.Debug|x86.ActiveCfg = Debug|Win32
		{2479F576-46D8-48D2-9918-C64A43513E4A}.Debug|x86.Build.0 = Debug|Win32
		{2479F576-46D8-48D2-9918-C64A43513E4A}.Release|x64.ActiveCfg = Release|x64
		{2479F576-46D8-48D2-9918-C64A43513E4A}.Release|x64.Build.0 = Release|x64
		{2479F576-46D8-48D2-9918-C64A43513E4A}.Release|x86.ActiveCfg = Release|Win32
		{2479F576-46D8-48D2-9918-C64A43513E4A}.Release|x86.Build.0 = Release|Win32
		{0DD077DA-FBD8-475B-829F-56BD139A4B18}.Debug|x64.ActiveCfg = Debug|x64
		{0DD077DA-FBD8-475B-829F-56BD139A4B18}.Debug|x64.Build.0 = Debug|x64
		{0DD077DA-FBD8-475B-829F-56BD139A4B18}.Debug|x86.ActiveCfg = Debug|Win32
		{0DD077DA-FBD8-475B-829F-56BD139A4B18}.Debug|x86.Build.0 = Debug|Win32
		{0DD077DA-FBD8-475B-829F-56BD139A4B18}.Release|x64.ActiveCfg = Release|x64
		{0DD077DA-FBD8-475B-829F-56BD139A4B18}.Release|x64.Build.0 = Release|x64
		{0DD077DA-FBD8-475B-829F-56BD139A4B18}.Release|x86.ActiveCfg = Release|Win32
		{0DD077DA-FBD8-475B-829F-56BD139A4B18}.Release|x86.Build.0 = Release|Win32
		{62EC1531-40D3-40E1-9765-D4C314D44596}.Debug|x64.ActiveCfg = Debug|x64
		{62EC1531-40D3-40E1-9765-D4C314D44596}.Debug|x64.Build.0 = Debug|x64
		{62EC1531-40D3-40E1-9765-D4C314D44596}.Debug|x86.ActiveCfg = Debug|Win32
		{62EC1531-40D3-40E1-9765-D4C314D44596}.Debug|x86.Build.0 = Debug|Win32
		{62EC1531-40D3-40E1-9765-D4C314D44596}.Release|x64.ActiveCfg = Release|x64
		{62EC1531-40D3-40E1-9765-D4C314D44596}.Release|x64.Build.0 = Release|x64
		{62EC1531-40D3-40E1-9765-D4C314D44596}.Release|x86.ActiveCfg = Release|Win32
		{62EC1531-40D3-40E1-9765-D4C314D44596}.Release|x86.Build.0 = Release|Win32
	EndGlobalSection
	GlobalSection(SolutionProperties) = preSolution
		HideSolutionNode = FALSE
	EndGlobalSection
	GlobalSection(ExtensibilityGlobals) = postSolution
		SolutionGuid = {CF8BF9DF-7EC1-4414-841D-9EFD0A3B9B5C}
	EndGlobalSection
EndGlobal
